
Microsoft Visual Studio Solution File, Format Version 12.00
# Visual Studio Version 17
VisualStudioVersion = 17.3.32708.82
MinimumVisualStudioVersion = 10.0.40219.1
Project("{FAE04EC0-301F-11D3-BF4B-00C04F79EFBC}") = "TwitApp", "TwitApp\TwitApp.csproj", "{7832687B-6C86-4967-8FAA-0CF89B382F96}"
EndProject
Global
	GlobalSection(SolutionConfigurationPlatforms) = preSolution
		Debug|Any CPU = Debug|Any CPU
		Release|Any CPU = Release|Any CPU
	EndGlobalSection
	GlobalSection(ProjectConfigurationPlatforms) = postSolution
		{7832687B-6C86-4967-8FAA-0CF89B382F96}.Debug|Any CPU.ActiveCfg = Debug|Any CPU
		{7832687B-6C86-4967-8FAA-0CF89B382F96}.Debug|Any CPU.Build.0 = Debug|Any CPU
		{7832687B-6C86-4967-8FAA-0CF89B382F96}.Release|Any CPU.ActiveCfg = Release|Any CPU
		{7832687B-6C86-4967-8FAA-0CF89B382F96}.Release|Any CPU.Build.0 = Release|Any CPU
	EndGlobalSection
	GlobalSection(SolutionProperties) = preSolution
		HideSolutionNode = FALSE
	EndGlobalSection
	GlobalSection(ExtensibilityGlobals) = postSolution
		SolutionGuid = {4F6A7777-CE5B-4D1C-AAD0-A3FE17D3093A}
	EndGlobalSection
EndGlobal
